
Microsoft Visual Studio Solution File, Format Version 12.00
# Visual Studio 15
VisualStudioVersion = 15.0.26923.0
MinimumVisualStudioVersion = 10.0.40219.1
Project("{FAE04EC0-301F-11D3-BF4B-00C04F79EFBC}") = "TradeTigerWeb", "TradeTigerWeb\TradeTigerWeb.csproj", "{9BF26D99-150F-4774-AB8F-E8CE52C57FEA}"
EndProject
Global
	GlobalSection(SolutionConfigurationPlatforms) = preSolution
		Debug|Any CPU = Debug|Any CPU
		Release|Any CPU = Release|Any CPU
	EndGlobalSection
	GlobalSection(ProjectConfigurationPlatforms) = postSolution
		{9BF26D99-150F-4774-AB8F-E8CE52C57FEA}.Debug|Any CPU.ActiveCfg = Debug|Any CPU
		{9BF26D99-150F-4774-AB8F-E8CE52C57FEA}.Debug|Any CPU.Build.0 = Debug|Any CPU
		{9BF26D99-150F-4774-AB8F-E8CE52C57FEA}.Release|Any CPU.ActiveCfg = Release|Any CPU
		{9BF26D99-150F-4774-AB8F-E8CE52C57FEA}.Release|Any CPU.Build.0 = Release|Any CPU
	EndGlobalSection
	GlobalSection(SolutionProperties) = preSolution
		HideSolutionNode = FALSE
	EndGlobalSection
	GlobalSection(ExtensibilityGlobals) = postSolution
		SolutionGuid = {FD32B455-AB4C-4E15-A330-1B63BA3F4474}
	EndGlobalSection
EndGlobal
